// !$*UTF8*$!
{
	archiveVersion = 1;
	classes = {
	};
	objectVersion = 50;
	objects = {

/* Begin PBXBuildFile section */
		F8A859952365E5B6008A7628 /* AppDelegate.swift in Sources */ = {isa = PBXBuildFile; fileRef = F8A859942365E5B6008A7628 /* AppDelegate.swift */; };
		F8A859972365E5B6008A7628 /* ViewController.swift in Sources */ = {isa = PBXBuildFile; fileRef = F8A859962365E5B6008A7628 /* ViewController.swift */; };
		F8A8599A2365E5B6008A7628 /* Main.storyboard in Resources */ = {isa = PBXBuildFile; fileRef = F8A859982365E5B6008A7628 /* Main.storyboard */; };
		F8A8599C2365E5B9008A7628 /* Assets.xcassets in Resources */ = {isa = PBXBuildFile; fileRef = F8A8599B2365E5B9008A7628 /* Assets.xcassets */; };
		F8A8599F2365E5B9008A7628 /* LaunchScreen.storyboard in Resources */ = {isa = PBXBuildFile; fileRef = F8A8599D2365E5B9008A7628 /* LaunchScreen.storyboard */; };
		F8A859AA2365E5BA008A7628 /* IkeaTests.swift in Sources */ = {isa = PBXBuildFile; fileRef = F8A859A92365E5BA008A7628 /* IkeaTests.swift */; };
		F8A859B52365E5BA008A7628 /* IkeaUITests.swift in Sources */ = {isa = PBXBuildFile; fileRef = F8A859B42365E5BA008A7628 /* IkeaUITests.swift */; };
		F8A859C32366B91E008A7628 /* Models.scnassets in Resources */ = {isa = PBXBuildFile; fileRef = F8A859C22366B91E008A7628 /* Models.scnassets */; };
		F8A859C52366C84D008A7628 /* CollectionViewCell.swift in Sources */ = {isa = PBXBuildFile; fileRef = F8A859C42366C84D008A7628 /* CollectionViewCell.swift */; };
/* End PBXBuildFile section */

/* Begin PBXContainerItemProxy section */
		F8A859A62365E5BA008A7628 /* PBXContainerItemProxy */ = {
			isa = PBXContainerItemProxy;
			containerPortal = F8A859892365E5B6008A7628 /* Project object */;
			proxyType = 1;
			remoteGlobalIDString = F8A859902365E5B6008A7628;
			remoteInfo = Ikea;
		};
		F8A859B12365E5BA008A7628 /* PBXContainerItemProxy */ = {
			isa = PBXContainerItemProxy;
			containerPortal = F8A859892365E5B6008A7628 /* Project object */;
			proxyType = 1;
			remoteGlobalIDString = F8A859902365E5B6008A7628;
			remoteInfo = Ikea;
		};
/* End PBXContainerItemProxy section */

/* Begin PBXFileReference section */
		F8A859912365E5B6008A7628 /* Ikea.app */ = {isa = PBXFileReference; explicitFileType = wrapper.application; includeInIndex = 0; path = Ikea.app; sourceTree = BUILT_PRODUCTS_DIR; };
		F8A859942365E5B6008A7628 /* AppDelegate.swift */ = {isa = PBXFileReference; lastKnownFileType = sourcecode.swift; path = AppDelegate.swift; sourceTree = "<group>"; };
		F8A859962365E5B6008A7628 /* ViewController.swift */ = {isa = PBXFileReference; lastKnownFileType = sourcecode.swift; path = ViewController.swift; sourceTree = "<group>"; };
		F8A859992365E5B6008A7628 /* Base */ = {isa = PBXFileReference; lastKnownFileType = file.storyboard; name = Base; path = Base.lproj/Main.storyboard; sourceTree = "<group>"; };
		F8A8599B2365E5B9008A7628 /* Assets.xcassets */ = {isa = PBXFileReference; lastKnownFileType = folder.assetcatalog; path = Assets.xcassets; sourceTree = "<group>"; };
		F8A8599E2365E5B9008A7628 /* Base */ = {isa = PBXFileReference; lastKnownFileType = file.storyboard; name = Base; path = Base.lproj/LaunchScreen.storyboard; sourceTree = "<group>"; };
		F8A859A02365E5B9008A7628 /* Info.plist */ = {isa = PBXFileReference; lastKnownFileType = text.plist.xml; path = Info.plist; sourceTree = "<group>"; };
		F8A859A52365E5BA008A7628 /* IkeaTests.xctest */ = {isa = PBXFileReference; explicitFileType = wrapper.cfbundle; includeInIndex = 0; path = IkeaTests.xctest; sourceTree = BUILT_PRODUCTS_DIR; };
		F8A859A92365E5BA008A7628 /* IkeaTests.swift */ = {isa = PBXFileReference; lastKnownFileType = sourcecode.swift; path = IkeaTests.swift; sourceTree = "<group>"; };
		F8A859AB2365E5BA008A7628 /* Info.plist */ = {isa = PBXFileReference; lastKnownFileType = text.plist.xml; path = Info.plist; sourceTree = "<group>"; };
		F8A859B02365E5BA008A7628 /* IkeaUITests.xctest */ = {isa = PBXFileReference; explicitFileType = wrapper.cfbundle; includeInIndex = 0; path = IkeaUITests.xctest; sourceTree = BUILT_PRODUCTS_DIR; };
		F8A859B42365E5BA008A7628 /* IkeaUITests.swift */ = {isa = PBXFileReference; lastKnownFileType = sourcecode.swift; path = IkeaUITests.swift; sourceTree = "<group>"; };
		F8A859B62365E5BA008A7628 /* Info.plist */ = {isa = PBXFileReference; lastKnownFileType = text.plist.xml; path = Info.plist; sourceTree = "<group>"; };
		F8A859C22366B91E008A7628 /* Models.scnassets */ = {isa = PBXFileReference; lastKnownFileType = wrapper.scnassets; path = Models.scnassets; sourceTree = "<group>"; };
		F8A859C42366C84D008A7628 /* CollectionViewCell.swift */ = {isa = PBXFileReference; lastKnownFileType = sourcecode.swift; path = CollectionViewCell.swift; sourceTree = "<group>"; };
/* End PBXFileReference section */

/* Begin PBXFrameworksBuildPhase section */
		F8A8598E2365E5B6008A7628 /* Frameworks */ = {
			isa = PBXFrameworksBuildPhase;
			buildActionMask = 2147483647;
			files = (
			);
			runOnlyForDeploymentPostprocessing = 0;
		};
		F8A859A22365E5BA008A7628 /* Frameworks */ = {
			isa = PBXFrameworksBuildPhase;
			buildActionMask = 2147483647;
			files = (
			);
			runOnlyForDeploymentPostprocessing = 0;
		};
		F8A859AD2365E5BA008A7628 /* Frameworks */ = {
			isa = PBXFrameworksBuildPhase;
			buildActionMask = 2147483647;
			files = (
			);
			runOnlyForDeploymentPostprocessing = 0;
		};
/* End PBXFrameworksBuildPhase section */

/* Begin PBXGroup section */
		F8A859882365E5B6008A7628 = {
			isa = PBXGroup;
			children = (
				F8A859932365E5B6008A7628 /* Ikea */,
				F8A859A82365E5BA008A7628 /* IkeaTests */,
				F8A859B32365E5BA008A7628 /* IkeaUITests */,
				F8A859922365E5B6008A7628 /* Products */,
			);
			sourceTree = "<group>";
		};
		F8A859922365E5B6008A7628 /* Products */ = {
			isa = PBXGroup;
			children = (
				F8A859912365E5B6008A7628 /* Ikea.app */,
				F8A859A52365E5BA008A7628 /* IkeaTests.xctest */,
				F8A859B02365E5BA008A7628 /* IkeaUITests.xctest */,
			);
			name = Products;
			sourceTree = "<group>";
		};
		F8A859932365E5B6008A7628 /* Ikea */ = {
			isa = PBXGroup;
			children = (
				F8A859942365E5B6008A7628 /* AppDelegate.swift */,
				F8A859962365E5B6008A7628 /* ViewController.swift */,
				F8A859982365E5B6008A7628 /* Main.storyboard */,
				F8A8599B2365E5B9008A7628 /* Assets.xcassets */,
				F8A8599D2365E5B9008A7628 /* LaunchScreen.storyboard */,
				F8A859A02365E5B9008A7628 /* Info.plist */,
				F8A859C42366C84D008A7628 /* CollectionViewCell.swift */,
				F8A859C22366B91E008A7628 /* Models.scnassets */,
			);
			path = Ikea;
			sourceTree = "<group>";
		};
		F8A859A82365E5BA008A7628 /* IkeaTests */ = {
			isa = PBXGroup;
			children = (
				F8A859A92365E5BA008A7628 /* IkeaTests.swift */,
				F8A859AB2365E5BA008A7628 /* Info.plist */,
			);
			path = IkeaTests;
			sourceTree = "<group>";
		};
		F8A859B32365E5BA008A7628 /* IkeaUITests */ = {
			isa = PBXGroup;
			children = (
				F8A859B42365E5BA008A7628 /* IkeaUITests.swift */,
				F8A859B62365E5BA008A7628 /* Info.plist */,
			);
			path = IkeaUITests;
			sourceTree = "<group>";
		};
/* End PBXGroup section */

/* Begin PBXNativeTarget section */
		F8A859902365E5B6008A7628 /* Ikea */ = {
			isa = PBXNativeTarget;
			buildConfigurationList = F8A859B92365E5BA008A7628 /* Build configuration list for PBXNativeTarget "Ikea" */;
			buildPhases = (
				F8A8598D2365E5B6008A7628 /* Sources */,
				F8A8598E2365E5B6008A7628 /* Frameworks */,
				F8A8598F2365E5B6008A7628 /* Resources */,
			);
			buildRules = (
			);
			dependencies = (
			);
			name = Ikea;
			productName = Ikea;
			productReference = F8A859912365E5B6008A7628 /* Ikea.app */;
			productType = "com.apple.product-type.application";
		};
		F8A859A42365E5BA008A7628 /* IkeaTests */ = {
			isa = PBXNativeTarget;
			buildConfigurationList = F8A859BC2365E5BA008A7628 /* Build configuration list for PBXNativeTarget "IkeaTests" */;
			buildPhases = (
				F8A859A12365E5BA008A7628 /* Sources */,
				F8A859A22365E5BA008A7628 /* Frameworks */,
				F8A859A32365E5BA008A7628 /* Resources */,
			);
			buildRules = (
			);
			dependencies = (
				F8A859A72365E5BA008A7628 /* PBXTargetDependency */,
			);
			name = IkeaTests;
			productName = IkeaTests;
			productReference = F8A859A52365E5BA008A7628 /* IkeaTests.xctest */;
			productType = "com.apple.product-type.bundle.unit-test";
		};
		F8A859AF2365E5BA008A7628 /* IkeaUITests */ = {
			isa = PBXNativeTarget;
			buildConfigurationList = F8A859BF2365E5BA008A7628 /* Build configuration list for PBXNativeTarget "IkeaUITests" */;
			buildPhases = (
				F8A859AC2365E5BA008A7628 /* Sources */,
				F8A859AD2365E5BA008A7628 /* Frameworks */,
				F8A859AE2365E5BA008A7628 /* Resources */,
			);
			buildRules = (
			);
			dependencies = (
				F8A859B22365E5BA008A7628 /* PBXTargetDependency */,
			);
			name = IkeaUITests;
			productName = IkeaUITests;
			productReference = F8A859B02365E5BA008A7628 /* IkeaUITests.xctest */;
			productType = "com.apple.product-type.bundle.ui-testing";
		};
/* End PBXNativeTarget section */

/* Begin PBXProject section */
		F8A859892365E5B6008A7628 /* Project object */ = {
			isa = PBXProject;
			attributes = {
				LastSwiftUpdateCheck = 1020;
				LastUpgradeCheck = 1020;
				ORGANIZATIONNAME = "Anshul Goyal";
				TargetAttributes = {
					F8A859902365E5B6008A7628 = {
						CreatedOnToolsVersion = 10.2.1;
					};
					F8A859A42365E5BA008A7628 = {
						CreatedOnToolsVersion = 10.2.1;
						TestTargetID = F8A859902365E5B6008A7628;
					};
					F8A859AF2365E5BA008A7628 = {
						CreatedOnToolsVersion = 10.2.1;
						TestTargetID = F8A859902365E5B6008A7628;
					};
				};
			};
			buildConfigurationList = F8A8598C2365E5B6008A7628 /* Build configuration list for PBXProject "Ikea" */;
			compatibilityVersion = "Xcode 9.3";
			developmentRegion = en;
			hasScannedForEncodings = 0;
			knownRegions = (
				en,
				Base,
			);
			mainGroup = F8A859882365E5B6008A7628;
			productRefGroup = F8A859922365E5B6008A7628 /* Products */;
			projectDirPath = "";
			projectRoot = "";
			targets = (
				F8A859902365E5B6008A7628 /* Ikea */,
				F8A859A42365E5BA008A7628 /* IkeaTests */,
				F8A859AF2365E5BA008A7628 /* IkeaUITests */,
			);
		};
/* End PBXProject section */

/* Begin PBXResourcesBuildPhase section */
		F8A8598F2365E5B6008A7628 /* Resources */ = {
			isa = PBXResourcesBuildPhase;
			buildActionMask = 2147483647;
			files = (
				F8A8599F2365E5B9008A7628 /* LaunchScreen.storyboard in Resources */,
				F8A859C32366B91E008A7628 /* Models.scnassets in Resources */,
				F8A8599C2365E5B9008A7628 /* Assets.xcassets in Resources */,
				F8A8599A2365E5B6008A7628 /* Main.storyboard in Resources */,
			);
			runOnlyForDeploymentPostprocessing = 0;
		};
		F8A859A32365E5BA008A7628 /* Resources */ = {
			isa = PBXResourcesBuildPhase;
			buildActionMask = 2147483647;
			files = (
			);
			runOnlyForDeploymentPostprocessing = 0;
		};
		F8A859AE2365E5BA008A7628 /* Resources */ = {
			isa = PBXResourcesBuildPhase;
			buildActionMask = 2147483647;
			files = (
			);
			runOnlyForDeploymentPostprocessing = 0;
		};
/* End PBXResourcesBuildPhase section */

/* Begin PBXSourcesBuildPhase section */
		F8A8598D2365E5B6008A7628 /* Sources */ = {
			isa = PBXSourcesBuildPhase;
			buildActionMask = 2147483647;
			files = (
				F8A859972365E5B6008A7628 /* ViewController.swift in Sources */,
				F8A859952365E5B6008A7628 /* AppDelegate.swift in Sources */,
				F8A859C52366C84D008A7628 /* CollectionViewCell.swift in Sources */,
			);
			runOnlyForDeploymentPostprocessing = 0;
		};
		F8A859A12365E5BA008A7628 /* Sources */ = {
			isa = PBXSourcesBuildPhase;
			buildActionMask = 2147483647;
			files = (
				F8A859AA2365E5BA008A7628 /* IkeaTests.swift in Sources */,
			);
			runOnlyForDeploymentPostprocessing = 0;
		};
		F8A859AC2365E5BA008A7628 /* Sources */ = {
			isa = PBXSourcesBuildPhase;
			buildActionMask = 2147483647;
			files = (
				F8A859B52365E5BA008A7628 /* IkeaUITests.swift in Sources */,
			);
			runOnlyForDeploymentPostprocessing = 0;
		};
/* End PBXSourcesBuildPhase section */

/* Begin PBXTargetDependency section */
		F8A859A72365E5BA008A7628 /* PBXTargetDependency */ = {
			isa = PBXTargetDependency;
			target = F8A859902365E5B6008A7628 /* Ikea */;
			targetProxy = F8A859A62365E5BA008A7628 /* PBXContainerItemProxy */;
		};
		F8A859B22365E5BA008A7628 /* PBXTargetDependency */ = {
			isa = PBXTargetDependency;
			target = F8A859902365E5B6008A7628 /* Ikea */;
			targetProxy = F8A859B12365E5BA008A7628 /* PBXContainerItemProxy */;
		};
/* End PBXTargetDependency section */

/* Begin PBXVariantGroup section */
		F8A859982365E5B6008A7628 /* Main.storyboard */ = {
			isa = PBXVariantGroup;
			children = (
				F8A859992365E5B6008A7628 /* Base */,
			);
			name = Main.storyboard;
			sourceTree = "<group>";
		};
		F8A8599D2365E5B9008A7628 /* LaunchScreen.storyboard */ = {
			isa = PBXVariantGroup;
			children = (
				F8A8599E2365E5B9008A7628 /* Base */,
			);
			name = LaunchScreen.storyboard;
			sourceTree = "<group>";
		};
/* End PBXVariantGroup section */

/* Begin XCBuildConfiguration section */
		F8A859B72365E5BA008A7628 /* Debug */ = {
			isa = XCBuildConfiguration;
			buildSettings = {
				ALWAYS_SEARCH_USER_PATHS = NO;
				CLANG_ANALYZER_NONNULL = YES;
				CLANG_ANALYZER_NUMBER_OBJECT_CONVERSION = YES_AGGRESSIVE;
				CLANG_CXX_LANGUAGE_STANDARD = "gnu++14";
				CLANG_CXX_LIBRARY = "libc++";
				CLANG_ENABLE_MODULES = YES;
				CLANG_ENABLE_OBJC_ARC = YES;
				CLANG_ENABLE_OBJC_WEAK = YES;
				CLANG_WARN_BLOCK_CAPTURE_AUTORELEASING = YES;
				CLANG_WARN_BOOL_CONVERSION = YES;
				CLANG_WARN_COMMA = YES;
				CLANG_WARN_CONSTANT_CONVERSION = YES;
				CLANG_WARN_DEPRECATED_OBJC_IMPLEMENTATIONS = YES;
				CLANG_WARN_DIRECT_OBJC_ISA_USAGE = YES_ERROR;
				CLANG_WARN_DOCUMENTATION_COMMENTS = YES;
				CLANG_WARN_EMPTY_BODY = YES;
				CLANG_WARN_ENUM_CONVERSION = YES;
				CLANG_WARN_INFINITE_RECURSION = YES;
				CLANG_WARN_INT_CONVERSION = YES;
				CLANG_WARN_NON_LITERAL_NULL_CONVERSION = YES;
				CLANG_WARN_OBJC_IMPLICIT_RETAIN_SELF = YES;
				CLANG_WARN_OBJC_LITERAL_CONVERSION = YES;
				CLANG_WARN_OBJC_ROOT_CLASS = YES_ERROR;
				CLANG_WARN_RANGE_LOOP_ANALYSIS = YES;
				CLANG_WARN_STRICT_PROTOTYPES = YES;
				CLANG_WARN_SUSPICIOUS_MOVE = YES;
				CLANG_WARN_UNGUARDED_AVAILABILITY = YES_AGGRESSIVE;
				CLANG_WARN_UNREACHABLE_CODE = YES;
				CLANG_WARN__DUPLICATE_METHOD_MATCH = YES;
				CODE_SIGN_IDENTITY = "iPhone Developer";
				COPY_PHASE_STRIP = NO;
				DEBUG_INFORMATION_FORMAT = dwarf;
				ENABLE_STRICT_OBJC_MSGSEND = YES;
				ENABLE_TESTABILITY = YES;
				GCC_C_LANGUAGE_STANDARD = gnu11;
				GCC_DYNAMIC_NO_PIC = NO;
				GCC_NO_COMMON_BLOCKS = YES;
				GCC_OPTIMIZATION_LEVEL = 0;
				GCC_PREPROCESSOR_DEFINITIONS = (
					"DEBUG=1",
					"$(inherited)",
				);
				GCC_WARN_64_TO_32_BIT_CONVERSION = YES;
				GCC_WARN_ABOUT_RETURN_TYPE = YES_ERROR;
				GCC_WARN_UNDECLARED_SELECTOR = YES;
				GCC_WARN_UNINITIALIZED_AUTOS = YES_AGGRESSIVE;
				GCC_WARN_UNUSED_FUNCTION = YES;
				GCC_WARN_UNUSED_VARIABLE = YES;
				IPHONEOS_DEPLOYMENT_TARGET = 12.2;
				MTL_ENABLE_DEBUG_INFO = INCLUDE_SOURCE;
				MTL_FAST_MATH = YES;
				ONLY_ACTIVE_ARCH = YES;
				SDKROOT = iphoneos;
				SWIFT_ACTIVE_COMPILATION_CONDITIONS = DEBUG;
				SWIFT_OPTIMIZATION_LEVEL = "-Onone";
			};
			name = Debug;
		};
		F8A859B82365E5BA008A7628 /* Release */ = {
			isa = XCBuildConfiguration;
			buildSettings = {
				ALWAYS_SEARCH_USER_PATHS = NO;
				CLANG_ANALYZER_NONNULL = YES;
				CLANG_ANALYZER_NUMBER_OBJECT_CONVERSION = YES_AGGRESSIVE;
				CLANG_CXX_LANGUAGE_STANDARD = "gnu++14";
				CLANG_CXX_LIBRARY = "libc++";
				CLANG_ENABLE_MODULES = YES;
				CLANG_ENABLE_OBJC_ARC = YES;
				CLANG_ENABLE_OBJC_WEAK = YES;
				CLANG_WARN_BLOCK_CAPTURE_AUTORELEASING = YES;
				CLANG_WARN_BOOL_CONVERSION = YES;
				CLANG_WARN_COMMA = YES;
				CLANG_WARN_CONSTANT_CONVERSION = YES;
				CLANG_WARN_DEPRECATED_OBJC_IMPLEMENTATIONS = YES;
				CLANG_WARN_DIRECT_OBJC_ISA_USAGE = YES_ERROR;
				CLANG_WARN_DOCUMENTATION_COMMENTS = YES;
				CLANG_WARN_EMPTY_BODY = YES;
				CLANG_WARN_ENUM_CONVERSION = YES;
				CLANG_WARN_INFINITE_RECURSION = YES;
				CLANG_WARN_INT_CONVERSION = YES;
				CLANG_WARN_NON_LITERAL_NULL_CONVERSION = YES;
				CLANG_WARN_OBJC_IMPLICIT_RETAIN_SELF = YES;
				CLANG_WARN_OBJC_LITERAL_CONVERSION = YES;
				CLANG_WARN_OBJC_ROOT_CLASS = YES_ERROR;
				CLANG_WARN_RANGE_LOOP_ANALYSIS = YES;
				CLANG_WARN_STRICT_PROTOTYPES = YES;
				CLANG_WARN_SUSPICIOUS_MOVE = YES;
				CLANG_WARN_UNGUARDED_AVAILABILITY = YES_AGGRESSIVE;
				CLANG_WARN_UNREACHABLE_CODE = YES;
				CLANG_WARN__DUPLICATE_METHOD_MATCH = YES;
				CODE_SIGN_IDENTITY = "iPhone Developer";
				COPY_PHASE_STRIP = NO;
				DEBUG_INFORMATION_FORMAT = "dwarf-with-dsym";
				ENABLE_NS_ASSERTIONS = NO;
				ENABLE_STRICT_OBJC_MSGSEND = YES;
				GCC_C_LANGUAGE_STANDARD = gnu11;
				GCC_NO_COMMON_BLOCKS = YES;
				GCC_WARN_64_TO_32_BIT_CONVERSION = YES;
				GCC_WARN_ABOUT_RETURN_TYPE = YES_ERROR;
				GCC_WARN_UNDECLARED_SELECTOR = YES;
				GCC_WARN_UNINITIALIZED_AUTOS = YES_AGGRESSIVE;
				GCC_WARN_UNUSED_FUNCTION = YES;
				GCC_WARN_UNUSED_VARIABLE = YES;
				IPHONEOS_DEPLOYMENT_TARGET = 12.2;
				MTL_ENABLE_DEBUG_INFO = NO;
				MTL_FAST_MATH = YES;
				SDKROOT = iphoneos;
				SWIFT_COMPILATION_MODE = wholemodule;
				SWIFT_OPTIMIZATION_LEVEL = "-O";
				VALIDATE_PRODUCT = YES;
			};
			name = Release;
		};
		F8A859BA2365E5BA008A7628 /* Debug */ = {
			isa = XCBuildConfiguration;
			buildSettings = {
				ASSETCATALOG_COMPILER_APPICON_NAME = AppIcon;
				CODE_SIGN_STYLE = Automatic;
				DEVELOPMENT_TEAM = 9QX467MA57;
				INFOPLIST_FILE = Ikea/Info.plist;
				LD_RUNPATH_SEARCH_PATHS = (
					"$(inherited)",
					"@executable_path/Frameworks",
				);
				PRODUCT_BUNDLE_IDENTIFIER = AiBorne.testAR;
				PRODUCT_NAME = "$(TARGET_NAME)";
				SWIFT_VERSION = 5.0;
				TARGETED_DEVICE_FAMILY = "1,2";
			};
			name = Debug;
		};
		F8A859BB2365E5BA008A7628 /* Release */ = {
			isa = XCBuildConfiguration;
			buildSettings = {
				ASSETCATALOG_COMPILER_APPICON_NAME = AppIcon;
				CODE_SIGN_STYLE = Automatic;
				DEVELOPMENT_TEAM = 9QX467MA57;
				INFOPLIST_FILE = Ikea/Info.plist;
				LD_RUNPATH_SEARCH_PATHS = (
					"$(inherited)",
					"@executable_path/Frameworks",
				);
				PRODUCT_BUNDLE_IDENTIFIER = AiBorne.testAR;
				PRODUCT_NAME = "$(TARGET_NAME)";
				SWIFT_VERSION = 5.0;
				TARGETED_DEVICE_FAMILY = "1,2";
			};
			name = Release;
		};
		F8A859BD2365E5BA008A7628 /* Debug */ = {
			isa = XCBuildConfiguration;
			buildSettings = {
				ALWAYS_EMBED_SWIFT_STANDARD_LIBRARIES = YES;
				BUNDLE_LOADER = "$(TEST_HOST)";
				CODE_SIGN_STYLE = Automatic;
				DEVELOPMENT_TEAM = 9QX467MA57;
				INFOPLIST_FILE = IkeaTests/Info.plist;
				LD_RUNPATH_SEARCH_PATHS = (
					"$(inherited)",
					"@executable_path/Frameworks",
					"@loader_path/Frameworks",
				);
				PRODUCT_BUNDLE_IDENTIFIER = AiBorne.IkeaTests;
				PRODUCT_NAME = "$(TARGET_NAME)";
				SWIFT_VERSION = 5.0;
				TARGETED_DEVICE_FAMILY = "1,2";
				TEST_HOST = "$(BUILT_PRODUCTS_DIR)/Ikea.app/Ikea";
			};
			name = Debug;
		};
		F8A859BE2365E5BA008A7628 /* Release */ = {
			isa = XCBuildConfiguration;
			buildSettings = {
				ALWAYS_EMBED_SWIFT_STANDARD_LIBRARIES = YES;
				BUNDLE_LOADER = "$(TEST_HOST)";
				CODE_SIGN_STYLE = Automatic;
				DEVELOPMENT_TEAM = 9QX467MA57;
				INFOPLIST_FILE = IkeaTests/Info.plist;
				LD_RUNPATH_SEARCH_PATHS = (
					"$(inherited)",
					"@executable_path/Frameworks",
					"@loader_path/Frameworks",
				);
				PRODUCT_BUNDLE_IDENTIFIER = AiBorne.IkeaTests;
				PRODUCT_NAME = "$(TARGET_NAME)";
				SWIFT_VERSION = 5.0;
				TARGETED_DEVICE_FAMILY = "1,2";
				TEST_HOST = "$(BUILT_PRODUCTS_DIR)/Ikea.app/Ikea";
			};
			name = Release;
		};
		F8A859C02365E5BA008A7628 /* Debug */ = {
			isa = XCBuildConfiguration;
			buildSettings = {
				ALWAYS_EMBED_SWIFT_STANDARD_LIBRARIES = YES;
				CODE_SIGN_STYLE = Automatic;
				DEVELOPMENT_TEAM = 9QX467MA57;
				INFOPLIST_FILE = IkeaUITests/Info.plist;
				LD_RUNPATH_SEARCH_PATHS = (
					"$(inherited)",
					"@executable_path/Frameworks",
					"@loader_path/Frameworks",
				);
				PRODUCT_BUNDLE_IDENTIFIER = AiBorne.IkeaUITests;
				PRODUCT_NAME = "$(TARGET_NAME)";
				SWIFT_VERSION = 5.0;
				TARGETED_DEVICE_FAMILY = "1,2";
				TEST_TARGET_NAME = Ikea;
			};
			name = Debug;
		};
		F8A859C12365E5BA008A7628 /* Release */ = {
			isa = XCBuildConfiguration;
			buildSettings = {
				ALWAYS_EMBED_SWIFT_STANDARD_LIBRARIES = YES;
				CODE_SIGN_STYLE = Automatic;
				DEVELOPMENT_TEAM = 9QX467MA57;
				INFOPLIST_FILE = IkeaUITests/Info.plist;
				LD_RUNPATH_SEARCH_PATHS = (
					"$(inherited)",
					"@executable_path/Frameworks",
					"@loader_path/Frameworks",
				);
				PRODUCT_BUNDLE_IDENTIFIER = AiBorne.IkeaUITests;
				PRODUCT_NAME = "$(TARGET_NAME)";
				SWIFT_VERSION = 5.0;
				TARGETED_DEVICE_FAMILY = "1,2";
				TEST_TARGET_NAME = Ikea;
			};
			name = Release;
		};
/* End XCBuildConfiguration section */

/* Begin XCConfigurationList section */
		F8A8598C2365E5B6008A7628 /* Build configuration list for PBXProject "Ikea" */ = {
			isa = XCConfigurationList;
			buildConfigurations = (
				F8A859B72365E5BA008A7628 /* Debug */,
				F8A859B82365E5BA008A7628 /* Release */,
			);
			defaultConfigurationIsVisible = 0;
			defaultConfigurationName = Release;
		};
		F8A859B92365E5BA008A7628 /* Build configuration list for PBXNativeTarget "Ikea" */ = {
			isa = XCConfigurationList;
			buildConfigurations = (
				F8A859BA2365E5BA008A7628 /* Debug */,
				F8A859BB2365E5BA008A7628 /* Release */,
			);
			defaultConfigurationIsVisible = 0;
			defaultConfigurationName = Release;
		};
		F8A859BC2365E5BA008A7628 /* Build configuration list for PBXNativeTarget "IkeaTests" */ = {
			isa = XCConfigurationList;
			buildConfigurations = (
				F8A859BD2365E5BA008A7628 /* Debug */,
				F8A859BE2365E5BA008A7628 /* Release */,
			);
			defaultConfigurationIsVisible = 0;
			defaultConfigurationName = Release;
		};
		F8A859BF2365E5BA008A7628 /* Build configuration list for PBXNativeTarget "IkeaUITests" */ = {
			isa = XCConfigurationList;
			buildConfigurations = (
				F8A859C02365E5BA008A7628 /* Debug */,
				F8A859C12365E5BA008A7628 /* Release */,
			);
			defaultConfigurationIsVisible = 0;
			defaultConfigurationName = Release;
		};
/* End XCConfigurationList section */
	};
	rootObject = F8A859892365E5B6008A7628 /* Project object */;
}
